{
  "name": "math-facts-app",
  "version": "1.0.0",
  "lockfileVersion": 1,
  "requires": true,
  "dependencies": {
    "math-problem-generator-js": {
      "version": "1.0.0",
      "resolved": "https://registry.npmjs.org/math-problem-generator-js/-/math-problem-generator-js-1.0.0.tgz",
      "integrity": "sha512-hXbhI6RgcxnRvJrxSqxOE3geCfH5qrpTb9V9tpOOj1duc257K0vAI8trQedjEQM+HLrd92yx3Th+Z5SnqpLDEQ=="
    },
    "mathgenerator": {
      "version": "1.4.0",
      "resolved": "https://registry.npmjs.org/mathgenerator/-/mathgenerator-1.4.0.tgz",
      "integrity": "sha512-zS2Kmy9lwqiB5y8lNoy5osHtBs1bf/hpIArtTnsl4bNo29DxnrwQ4GdFJEHnQpnp84Xex8rUw8k1XwEeERNMMQ=="
    }
  }
}
